{
  "version": 4,
  "terraform_version": "1.5.2",
  "serial": 37,
  "lineage": "0538d085-97a6-562d-3dd6-6b8ec7327b65",
  "outputs": {
    "lambda_bucket_name": {
      "value": "fpl-gql-lambda",
      "type": "string"
    }
  },
  "resources": [
    {
      "mode": "data",
      "type": "archive_file",
      "name": "lambda_fpl",
      "provider": "provider[\"registry.terraform.io/hashicorp/archive\"]",
      "instances": [
        {
          "schema_version": 0,
          "attributes": {
            "exclude_symlink_directories": null,
            "excludes": null,
            "id": "32d6433d845430111d681a28a707e6ee618dedea",
            "output_base64sha256": "hZFgJ3heIqv5kPXtnMHQK0Rje6GQON1umvUd8yh9PBM=",
            "output_base64sha512": "iNSkoHWhvoWMZMzRQbytTx0orbYutRl1uUn5Dw+x7/gjIZ/1mzwGxZU4hx/RMMCPTtc4+UmdP0EPKMtsUbsfMQ==",
            "output_file_mode": null,
            "output_md5": "02f08e9202ec871f612e9ce9b4e5be72",
            "output_path": "../lambda.zip",
            "output_sha": "32d6433d845430111d681a28a707e6ee618dedea",
            "output_sha256": "85916027785e22abf990f5ed9cc1d02b44637ba19038dd6e9af51df3287d3c13",
            "output_sha512": "88d4a4a075a1be858c64ccd141bcad4f1d28adb62eb51975b949f90f0fb1eff823219ff59b3c06c59538871fd130c08f4ed738f9499d3f410f28cb6c51bb1f31",
            "output_size": 193039,
            "source": [],
            "source_content": null,
            "source_content_filename": null,
            "source_dir": "../dist",
            "source_file": null,
            "type": "zip"
          },
          "sensitive_attributes": []
        }
      ]
    },
    {
      "mode": "data",
      "type": "aws_iam_policy_document",
      "name": "iam_appsync_role_document",
      "provider": "provider[\"registry.terraform.io/hashicorp/aws\"]",
      "instances": [
        {
          "schema_version": 0,
          "attributes": {
            "id": "1521073266",
            "json": "{\n  \"Version\": \"2012-10-17\",\n  \"Statement\": [\n    {\n      \"Effect\": \"Allow\",\n      \"Action\": \"sts:AssumeRole\",\n      \"Principal\": {\n        \"Service\": \"appsync.amazonaws.com\"\n      }\n    }\n  ]\n}",
            "override_policy_documents": null,
            "policy_id": null,
            "source_policy_documents": null,
            "statement": [
              {
                "actions": [
                  "sts:AssumeRole"
                ],
                "condition": [],
                "effect": "Allow",
                "not_actions": [],
                "not_principals": [],
                "not_resources": [],
                "principals": [
                  {
                    "identifiers": [
                      "appsync.amazonaws.com"
                    ],
                    "type": "Service"
                  }
                ],
                "resources": [],
                "sid": ""
              }
            ],
            "version": "2012-10-17"
          },
          "sensitive_attributes": []
        }
      ]
    },
    {
      "mode": "data",
      "type": "aws_iam_policy_document",
      "name": "iam_cloudwatch_logging_document",
      "provider": "provider[\"registry.terraform.io/hashicorp/aws\"]",
      "instances": [
        {
          "schema_version": 0,
          "attributes": {
            "id": "304403136",
            "json": "{\n  \"Version\": \"2012-10-17\",\n  \"Statement\": [\n    {\n      \"Effect\": \"Allow\",\n      \"Action\": [\n        \"logs:PutLogEvents\",\n        \"logs:CreateLogStream\",\n        \"logs:CreateLogDelivery\"\n      ],\n      \"Resource\": \"arn:aws:logs:*:*:*\"\n    }\n  ]\n}",
            "override_policy_documents": null,
            "policy_id": null,
            "source_policy_documents": null,
            "statement": [
              {
                "actions": [
                  "logs:CreateLogDelivery",
                  "logs:CreateLogStream",
                  "logs:PutLogEvents"
                ],
                "condition": [],
                "effect": "Allow",
                "not_actions": [],
                "not_principals": [],
                "not_resources": [],
                "principals": [],
                "resources": [
                  "arn:aws:logs:*:*:*"
                ],
                "sid": ""
              }
            ],
            "version": "2012-10-17"
          },
          "sensitive_attributes": []
        }
      ]
    },
    {
      "mode": "data",
      "type": "aws_iam_policy_document",
      "name": "iam_invoke_lambda_policy_document",
      "provider": "provider[\"registry.terraform.io/hashicorp/aws\"]",
      "instances": [
        {
          "schema_version": 0,
          "attributes": {
            "id": "2750682285",
            "json": "{\n  \"Version\": \"2012-10-17\",\n  \"Statement\": [\n    {\n      \"Effect\": \"Allow\",\n      \"Action\": \"lambda:InvokeFunction\",\n      \"Resource\": \"*\"\n    }\n  ]\n}",
            "override_policy_documents": null,
            "policy_id": null,
            "source_policy_documents": null,
            "statement": [
              {
                "actions": [
                  "lambda:InvokeFunction"
                ],
                "condition": [],
                "effect": "Allow",
                "not_actions": [],
                "not_principals": [],
                "not_resources": [],
                "principals": [],
                "resources": [
                  "*"
                ],
                "sid": ""
              }
            ],
            "version": "2012-10-17"
          },
          "sensitive_attributes": []
        }
      ]
    },
    {
      "mode": "data",
      "type": "aws_iam_policy_document",
      "name": "iam_lambda_role_document",
      "provider": "provider[\"registry.terraform.io/hashicorp/aws\"]",
      "instances": [
        {
          "schema_version": 0,
          "attributes": {
            "id": "2690255455",
            "json": "{\n  \"Version\": \"2012-10-17\",\n  \"Statement\": [\n    {\n      \"Effect\": \"Allow\",\n      \"Action\": \"sts:AssumeRole\",\n      \"Principal\": {\n        \"Service\": \"lambda.amazonaws.com\"\n      }\n    }\n  ]\n}",
            "override_policy_documents": null,
            "policy_id": null,
            "source_policy_documents": null,
            "statement": [
              {
                "actions": [
                  "sts:AssumeRole"
                ],
                "condition": [],
                "effect": "Allow",
                "not_actions": [],
                "not_principals": [],
                "not_resources": [],
                "principals": [
                  {
                    "identifiers": [
                      "lambda.amazonaws.com"
                    ],
                    "type": "Service"
                  }
                ],
                "resources": [],
                "sid": ""
              }
            ],
            "version": "2012-10-17"
          },
          "sensitive_attributes": []
        }
      ]
    },
    {
      "mode": "managed",
      "type": "aws_appsync_api_key",
      "name": "appsync_api_key",
      "provider": "provider[\"registry.terraform.io/hashicorp/aws\"]",
      "instances": [
        {
          "schema_version": 0,
          "attributes": {
            "api_id": "opqj2bwkdjbexi34v6y7c4qka4",
            "description": "Managed by Terraform",
            "expires": "2023-07-21T13:00:00Z",
            "id": "opqj2bwkdjbexi34v6y7c4qka4:da2-74pzwggwm5hgpaphopyh3nkrzi",
            "key": "da2-74pzwggwm5hgpaphopyh3nkrzi"
          },
          "sensitive_attributes": [],
          "private": "bnVsbA==",
          "dependencies": [
            "aws_appsync_graphql_api.appsync"
          ]
        }
      ]
    },
    {
      "mode": "managed",
      "type": "aws_appsync_datasource",
      "name": "fpl_gql_datasource",
      "provider": "provider[\"registry.terraform.io/hashicorp/aws\"]",
      "instances": [
        {
          "schema_version": 0,
          "attributes": {
            "api_id": "opqj2bwkdjbexi34v6y7c4qka4",
            "arn": "arn:aws:appsync:us-east-1:787958983120:apis/opqj2bwkdjbexi34v6y7c4qka4/datasources/fpl_gql_datasource",
            "description": "",
            "dynamodb_config": [],
            "elasticsearch_config": [],
            "event_bridge_config": [],
            "http_config": [],
            "id": "opqj2bwkdjbexi34v6y7c4qka4-fpl_gql_datasource",
            "lambda_config": [
              {
                "function_arn": "arn:aws:lambda:us-east-1:787958983120:function:fpl_gql"
              }
            ],
            "name": "fpl_gql_datasource",
            "opensearchservice_config": [],
            "relational_database_config": [],
            "service_role_arn": "arn:aws:iam::787958983120:role/fpl_gql_iam_appsync_role",
            "type": "AWS_LAMBDA"
          },
          "sensitive_attributes": [],
          "private": "bnVsbA==",
          "dependencies": [
            "aws_appsync_graphql_api.appsync",
            "aws_iam_role.iam_appsync_role",
            "aws_iam_role.iam_lambda_role",
            "aws_lambda_function.fpl_gql",
            "aws_s3_bucket.lambda_bucket",
            "aws_s3_object.lambda_fpl",
            "data.archive_file.lambda_fpl",
            "data.aws_iam_policy_document.iam_appsync_role_document",
            "data.aws_iam_policy_document.iam_lambda_role_document"
          ]
        }
      ]
    },
    {
      "mode": "managed",
      "type": "aws_appsync_graphql_api",
      "name": "appsync",
      "provider": "provider[\"registry.terraform.io/hashicorp/aws\"]",
      "instances": [
        {
          "schema_version": 0,
          "attributes": {
            "additional_authentication_provider": [],
            "arn": "arn:aws:appsync:us-east-1:787958983120:apis/opqj2bwkdjbexi34v6y7c4qka4",
            "authentication_type": "API_KEY",
            "id": "opqj2bwkdjbexi34v6y7c4qka4",
            "lambda_authorizer_config": [],
            "log_config": [],
            "name": "fpl_gql_appsync",
            "openid_connect_config": [],
            "schema": "type EventStatus {\n  status: [GameweekStatus]\n  leagues: String!\n}\n\ntype GameweekStatus {\n  bonus_added: Boolean!\n  date: String!\n  event: Int!\n  points: String!\n}\n\ntype Player {\n  id: Int!\n  first_name: String!\n  second_name: String!\n  web_name: String!\n  total_points: Int!,\n  event_points: Int!,\n  team: Int!\n  now_cost: Int!\n  value_form: String!\n  in_dreamteam: Boolean!\n  selected_by_percent: String!\n  form: String!\n  transfers_in_event: Int!\n  transfers_out_event: Int!\n  news: String!\n  element_type: Int!\n  status: String\n  squad_number: Int\n  chance_of_playing_this_round: Int\n  chance_of_playing_next_round: Int\n  points_per_game: String\n  goals_scored: Int\n  assists: Int\n  clean_sheets: Int\n  goals_conceded: Int\n  own_goals: Int\n  penalties_saved: Int\n  penalties_missed: Int\n  yellow_cards: Int\n  red_cards: Int\n  saves: Int\n  bonus: Int\n  influence: String\n  creativity: String\n  threat: String\n  code: Int\n  team_code: Int\n}\n\ntype AllTeams {\n  teams: [Team]\n}\n\ntype Team {\n  id: Int!\n  code: Int!\n  name: String!\n  short_name: String!\n  current_event_fixture: [TeamFixture]\n  next_event_fixture: [TeamFixture]\n}\n\ntype TeamFixture {\n  is_home: Boolean!\n  opponent: Int!\n  month: Int!\n  day: Int!\n}\n\ntype GetTeamsFixtures {\n  fixtures: [Fixture]\n  id: Int\n}\n\ntype GetAllTeamsFixtures {\n  fixtures: [[Fixture]]\n}\n\ntype Fixtures {\n  fixtures: [Fixture]\n  id: Int\n}\n\ntype Fixture {\n  kickoff_time_formatted: String!\n  started: Boolean!\n  kickoff_time: String!\n  team_h_score: Int\n  team_a_score: Int\n  finished: Boolean!\n  team_a: Int!\n  team_h: Int!\n  team_h_difficulty: Int\n  team_a_difficulty: Int\n}\n\ntype PlayerWithHighestProp {\n  player: Player\n}\n\ntype PlayerWithLowestProp {\n  player: Player\n}\n\ntype PlayersByTeam {\n  players: [Player]\n}\n\ntype PlayersByProp {\n  players: [Player]\n}\n\ntype PlayersByPropAndPos {\n  players: [Player]\n}\n\ntype PlayersSearch {\n  players: [Player]\n}\n\ntype Query {\n  player(id: Int): Player\n  playersByTeam(team: Int): PlayersByTeam\n  playerWithHighestProp(prop: String): PlayerWithHighestProp\n  playerWithLowestProp(prop: String): PlayerWithLowestProp\n  playersByProp(prop: String, amount: Int, reverseOrder: Boolean): PlayersByProp\n  playersByPropAndPos(prop: String, position: String, amount: Int, reverseOrder: Boolean): PlayersByPropAndPos\n  allTeams: AllTeams\n  team(id: Int): Team\n  fixtures(id: Int): Fixtures\n  getTeamsFixtures(id: Int, amount: Int): GetTeamsFixtures\n  getAllTeamsFixtures: GetAllTeamsFixtures\n  playersSearch(term: String, amount: Int): PlayersSearch\n  eventStatus: EventStatus\n}\n\nschema {\n  query: Query\n}",
            "tags": {},
            "tags_all": {},
            "uris": {
              "GRAPHQL": "https://z2n33zlymbakncwo32bzn47xku.appsync-api.us-east-1.amazonaws.com/graphql",
              "REALTIME": "wss://z2n33zlymbakncwo32bzn47xku.appsync-realtime-api.us-east-1.amazonaws.com/graphql"
            },
            "user_pool_config": [],
            "visibility": "GLOBAL",
            "xray_enabled": false
          },
          "sensitive_attributes": [],
          "private": "bnVsbA=="
        }
      ]
    },
    {
      "mode": "managed",
      "type": "aws_appsync_resolver",
      "name": "player_resolver",
      "provider": "provider[\"registry.terraform.io/hashicorp/aws\"]",
      "instances": [
        {
          "schema_version": 0,
          "attributes": {
            "api_id": "opqj2bwkdjbexi34v6y7c4qka4",
            "arn": "arn:aws:appsync:us-east-1:787958983120:apis/opqj2bwkdjbexi34v6y7c4qka4/types/Query/resolvers/player",
            "caching_config": [],
            "code": "",
            "data_source": "fpl_gql_datasource",
            "field": "player",
            "id": "opqj2bwkdjbexi34v6y7c4qka4-Query-player",
            "kind": "UNIT",
            "max_batch_size": 0,
            "pipeline_config": [],
            "request_template": "{\n  \"version\" : \"2018-05-29\",\n  \"operation\": \"Invoke\",\n  \"payload\": {\n    \"arguments\": $util.toJson($context.arguments),\n    \"field\": \"$context.info.fieldName\"\n  }\n}",
            "response_template": "$util.toJson($ctx.result)\n",
            "runtime": [],
            "sync_config": [],
            "type": "Query"
          },
          "sensitive_attributes": [],
          "private": "bnVsbA==",
          "dependencies": [
            "aws_appsync_datasource.fpl_gql_datasource",
            "aws_appsync_graphql_api.appsync",
            "aws_iam_role.iam_appsync_role",
            "aws_iam_role.iam_lambda_role",
            "aws_lambda_function.fpl_gql",
            "aws_s3_bucket.lambda_bucket",
            "aws_s3_object.lambda_fpl",
            "data.archive_file.lambda_fpl",
            "data.aws_iam_policy_document.iam_appsync_role_document",
            "data.aws_iam_policy_document.iam_lambda_role_document"
          ]
        }
      ]
    },
    {
      "mode": "managed",
      "type": "aws_cloudwatch_log_group",
      "name": "fpl_gql",
      "provider": "provider[\"registry.terraform.io/hashicorp/aws\"]",
      "instances": [
        {
          "schema_version": 0,
          "attributes": {
            "arn": "arn:aws:logs:us-east-1:787958983120:log-group:/aws/lambda/fpl_gql",
            "id": "/aws/lambda/fpl_gql",
            "kms_key_id": "",
            "name": "/aws/lambda/fpl_gql",
            "name_prefix": "",
            "retention_in_days": 30,
            "skip_destroy": false,
            "tags": {},
            "tags_all": {}
          },
          "sensitive_attributes": [],
          "private": "bnVsbA==",
          "dependencies": [
            "aws_iam_role.iam_lambda_role",
            "aws_lambda_function.fpl_gql",
            "aws_s3_bucket.lambda_bucket",
            "aws_s3_object.lambda_fpl",
            "data.archive_file.lambda_fpl",
            "data.aws_iam_policy_document.iam_lambda_role_document"
          ]
        }
      ]
    },
    {
      "mode": "managed",
      "type": "aws_iam_policy",
      "name": "iam_invoke_lambda_policy",
      "provider": "provider[\"registry.terraform.io/hashicorp/aws\"]",
      "instances": [
        {
          "schema_version": 0,
          "attributes": {
            "arn": "arn:aws:iam::787958983120:policy/fpl_gql_iam_invoke_lambda_policy",
            "description": "",
            "id": "arn:aws:iam::787958983120:policy/fpl_gql_iam_invoke_lambda_policy",
            "name": "fpl_gql_iam_invoke_lambda_policy",
            "name_prefix": "",
            "path": "/",
            "policy": "{\"Statement\":[{\"Action\":\"lambda:InvokeFunction\",\"Effect\":\"Allow\",\"Resource\":\"*\"}],\"Version\":\"2012-10-17\"}",
            "policy_id": "ANPA3O5QD5HIHWNBVYAMW",
            "tags": {},
            "tags_all": {}
          },
          "sensitive_attributes": [],
          "private": "bnVsbA==",
          "dependencies": [
            "data.aws_iam_policy_document.iam_invoke_lambda_policy_document"
          ]
        }
      ]
    },
    {
      "mode": "managed",
      "type": "aws_iam_policy",
      "name": "iam_lambda_logging_policy",
      "provider": "provider[\"registry.terraform.io/hashicorp/aws\"]",
      "instances": [
        {
          "schema_version": 0,
          "attributes": {
            "arn": "arn:aws:iam::787958983120:policy/fpl_gql_iam_lambda_logging_policy",
            "description": "",
            "id": "arn:aws:iam::787958983120:policy/fpl_gql_iam_lambda_logging_policy",
            "name": "fpl_gql_iam_lambda_logging_policy",
            "name_prefix": "",
            "path": "/",
            "policy": "{\"Statement\":[{\"Action\":[\"logs:PutLogEvents\",\"logs:CreateLogStream\",\"logs:CreateLogDelivery\"],\"Effect\":\"Allow\",\"Resource\":\"arn:aws:logs:*:*:*\"}],\"Version\":\"2012-10-17\"}",
            "policy_id": "ANPA3O5QD5HIOSYURCL5H",
            "tags": {},
            "tags_all": {}
          },
          "sensitive_attributes": [],
          "private": "bnVsbA==",
          "dependencies": [
            "data.aws_iam_policy_document.iam_cloudwatch_logging_document"
          ]
        }
      ]
    },
    {
      "mode": "managed",
      "type": "aws_iam_role",
      "name": "iam_appsync_role",
      "provider": "provider[\"registry.terraform.io/hashicorp/aws\"]",
      "instances": [
        {
          "schema_version": 0,
          "attributes": {
            "arn": "arn:aws:iam::787958983120:role/fpl_gql_iam_appsync_role",
            "assume_role_policy": "{\"Statement\":[{\"Action\":\"sts:AssumeRole\",\"Effect\":\"Allow\",\"Principal\":{\"Service\":\"appsync.amazonaws.com\"}}],\"Version\":\"2012-10-17\"}",
            "create_date": "2023-07-14T13:14:47Z",
            "description": "",
            "force_detach_policies": false,
            "id": "fpl_gql_iam_appsync_role",
            "inline_policy": [],
            "managed_policy_arns": [
              "arn:aws:iam::787958983120:policy/fpl_gql_iam_invoke_lambda_policy"
            ],
            "max_session_duration": 3600,
            "name": "fpl_gql_iam_appsync_role",
            "name_prefix": "",
            "path": "/",
            "permissions_boundary": null,
            "tags": {},
            "tags_all": {},
            "unique_id": "AROA3O5QD5HIEIKWNVBLU"
          },
          "sensitive_attributes": [],
          "private": "bnVsbA==",
          "dependencies": [
            "data.aws_iam_policy_document.iam_appsync_role_document"
          ]
        }
      ]
    },
    {
      "mode": "managed",
      "type": "aws_iam_role",
      "name": "iam_lambda_role",
      "provider": "provider[\"registry.terraform.io/hashicorp/aws\"]",
      "instances": [
        {
          "schema_version": 0,
          "attributes": {
            "arn": "arn:aws:iam::787958983120:role/fpl_gql_iam_lambda_role",
            "assume_role_policy": "{\"Statement\":[{\"Action\":\"sts:AssumeRole\",\"Effect\":\"Allow\",\"Principal\":{\"Service\":\"lambda.amazonaws.com\"}}],\"Version\":\"2012-10-17\"}",
            "create_date": "2023-07-14T13:14:47Z",
            "description": "",
            "force_detach_policies": false,
            "id": "fpl_gql_iam_lambda_role",
            "inline_policy": [],
            "managed_policy_arns": [
              "arn:aws:iam::787958983120:policy/fpl_gql_iam_lambda_logging_policy"
            ],
            "max_session_duration": 3600,
            "name": "fpl_gql_iam_lambda_role",
            "name_prefix": "",
            "path": "/",
            "permissions_boundary": null,
            "tags": {},
            "tags_all": {},
            "unique_id": "AROA3O5QD5HINUTMOWKAN"
          },
          "sensitive_attributes": [],
          "private": "bnVsbA==",
          "dependencies": [
            "data.aws_iam_policy_document.iam_lambda_role_document"
          ]
        }
      ]
    },
    {
      "mode": "managed",
      "type": "aws_iam_role_policy_attachment",
      "name": "appsync_invoke_lambda",
      "provider": "provider[\"registry.terraform.io/hashicorp/aws\"]",
      "instances": [
        {
          "schema_version": 0,
          "attributes": {
            "id": "fpl_gql_iam_appsync_role-20230714131448309600000001",
            "policy_arn": "arn:aws:iam::787958983120:policy/fpl_gql_iam_invoke_lambda_policy",
            "role": "fpl_gql_iam_appsync_role"
          },
          "sensitive_attributes": [],
          "private": "bnVsbA==",
          "dependencies": [
            "aws_iam_policy.iam_invoke_lambda_policy",
            "aws_iam_role.iam_appsync_role",
            "data.aws_iam_policy_document.iam_appsync_role_document",
            "data.aws_iam_policy_document.iam_invoke_lambda_policy_document"
          ]
        }
      ]
    },
    {
      "mode": "managed",
      "type": "aws_iam_role_policy_attachment",
      "name": "lambda_logging",
      "provider": "provider[\"registry.terraform.io/hashicorp/aws\"]",
      "instances": [
        {
          "schema_version": 0,
          "attributes": {
            "id": "fpl_gql_iam_lambda_role-20230714135553594500000001",
            "policy_arn": "arn:aws:iam::787958983120:policy/fpl_gql_iam_lambda_logging_policy",
            "role": "fpl_gql_iam_lambda_role"
          },
          "sensitive_attributes": [],
          "private": "bnVsbA==",
          "dependencies": [
            "aws_iam_policy.iam_lambda_logging_policy",
            "aws_iam_role.iam_lambda_role",
            "data.aws_iam_policy_document.iam_cloudwatch_logging_document",
            "data.aws_iam_policy_document.iam_lambda_role_document"
          ]
        }
      ]
    },
    {
      "mode": "managed",
      "type": "aws_lambda_function",
      "name": "fpl_gql",
      "provider": "provider[\"registry.terraform.io/hashicorp/aws\"]",
      "instances": [
        {
          "schema_version": 0,
          "attributes": {
            "architectures": [
              "x86_64"
            ],
            "arn": "arn:aws:lambda:us-east-1:787958983120:function:fpl_gql",
            "code_signing_config_arn": "",
            "dead_letter_config": [],
            "description": "",
            "environment": [],
            "ephemeral_storage": [
              {
                "size": 512
              }
            ],
            "file_system_config": [],
            "filename": null,
            "function_name": "fpl_gql",
            "handler": "index.graphql",
            "id": "fpl_gql",
            "image_config": [],
            "image_uri": "",
            "invoke_arn": "arn:aws:apigateway:us-east-1:lambda:path/2015-03-31/functions/arn:aws:lambda:us-east-1:787958983120:function:fpl_gql/invocations",
            "kms_key_arn": "",
            "last_modified": "2023-07-14T14:07:34.000+0000",
            "layers": [],
            "memory_size": 128,
            "package_type": "Zip",
            "publish": false,
            "qualified_arn": "arn:aws:lambda:us-east-1:787958983120:function:fpl_gql:$LATEST",
            "qualified_invoke_arn": "arn:aws:apigateway:us-east-1:lambda:path/2015-03-31/functions/arn:aws:lambda:us-east-1:787958983120:function:fpl_gql:$LATEST/invocations",
            "replace_security_groups_on_destroy": null,
            "replacement_security_group_ids": null,
            "reserved_concurrent_executions": -1,
            "role": "arn:aws:iam::787958983120:role/fpl_gql_iam_lambda_role",
            "runtime": "nodejs18.x",
            "s3_bucket": "fpl-gql-lambda",
            "s3_key": "lambda.zip",
            "s3_object_version": null,
            "signing_job_arn": "",
            "signing_profile_version_arn": "",
            "skip_destroy": false,
            "snap_start": [],
            "source_code_hash": "hZFgJ3heIqv5kPXtnMHQK0Rje6GQON1umvUd8yh9PBM=",
            "source_code_size": 193039,
            "tags": {},
            "tags_all": {},
            "timeout": 3,
            "timeouts": null,
            "tracing_config": [
              {
                "mode": "PassThrough"
              }
            ],
            "version": "$LATEST",
            "vpc_config": []
          },
          "sensitive_attributes": [],
          "private": "eyJlMmJmYjczMC1lY2FhLTExZTYtOGY4OC0zNDM2M2JjN2M0YzAiOnsiY3JlYXRlIjo2MDAwMDAwMDAwMDAsImRlbGV0ZSI6NjAwMDAwMDAwMDAwLCJ1cGRhdGUiOjYwMDAwMDAwMDAwMH19",
          "dependencies": [
            "aws_iam_role.iam_lambda_role",
            "aws_s3_bucket.lambda_bucket",
            "aws_s3_object.lambda_fpl",
            "data.archive_file.lambda_fpl"
          ]
        }
      ]
    },
    {
      "mode": "managed",
      "type": "aws_s3_bucket",
      "name": "lambda_bucket",
      "provider": "provider[\"registry.terraform.io/hashicorp/aws\"]",
      "instances": [
        {
          "schema_version": 0,
          "attributes": {
            "acceleration_status": "",
            "acl": null,
            "arn": "arn:aws:s3:::fpl-gql-lambda",
            "bucket": "fpl-gql-lambda",
            "bucket_domain_name": "fpl-gql-lambda.s3.amazonaws.com",
            "bucket_prefix": "",
            "bucket_regional_domain_name": "fpl-gql-lambda.s3.us-east-1.amazonaws.com",
            "cors_rule": [],
            "force_destroy": false,
            "grant": [
              {
                "id": "a3365b991b05bfae80b7a7ef5d4aaa35c2dd0112f5354d00359aaeb91ba75203",
                "permissions": [
                  "FULL_CONTROL"
                ],
                "type": "CanonicalUser",
                "uri": ""
              }
            ],
            "hosted_zone_id": "Z3AQBSTGFYJSTF",
            "id": "fpl-gql-lambda",
            "lifecycle_rule": [],
            "logging": [],
            "object_lock_configuration": [],
            "object_lock_enabled": false,
            "policy": "",
            "region": "us-east-1",
            "replication_configuration": [],
            "request_payer": "BucketOwner",
            "server_side_encryption_configuration": [
              {
                "rule": [
                  {
                    "apply_server_side_encryption_by_default": [
                      {
                        "kms_master_key_id": "",
                        "sse_algorithm": "AES256"
                      }
                    ],
                    "bucket_key_enabled": false
                  }
                ]
              }
            ],
            "tags": {},
            "tags_all": {},
            "timeouts": null,
            "versioning": [
              {
                "enabled": false,
                "mfa_delete": false
              }
            ],
            "website": [],
            "website_domain": null,
            "website_endpoint": null
          },
          "sensitive_attributes": [],
          "private": "eyJlMmJmYjczMC1lY2FhLTExZTYtOGY4OC0zNDM2M2JjN2M0YzAiOnsiY3JlYXRlIjoxMjAwMDAwMDAwMDAwLCJkZWxldGUiOjM2MDAwMDAwMDAwMDAsInJlYWQiOjEyMDAwMDAwMDAwMDAsInVwZGF0ZSI6MTIwMDAwMDAwMDAwMH19"
        }
      ]
    },
    {
      "mode": "managed",
      "type": "aws_s3_bucket_acl",
      "name": "bucket_acl",
      "provider": "provider[\"registry.terraform.io/hashicorp/aws\"]",
      "instances": [
        {
          "schema_version": 0,
          "attributes": {
            "access_control_policy": [
              {
                "grant": [
                  {
                    "grantee": [
                      {
                        "display_name": "cocymsc",
                        "email_address": "",
                        "id": "a3365b991b05bfae80b7a7ef5d4aaa35c2dd0112f5354d00359aaeb91ba75203",
                        "type": "CanonicalUser",
                        "uri": ""
                      }
                    ],
                    "permission": "FULL_CONTROL"
                  }
                ],
                "owner": [
                  {
                    "display_name": "cocymsc",
                    "id": "a3365b991b05bfae80b7a7ef5d4aaa35c2dd0112f5354d00359aaeb91ba75203"
                  }
                ]
              }
            ],
            "acl": "private",
            "bucket": "fpl-gql-lambda",
            "expected_bucket_owner": "",
            "id": "fpl-gql-lambda,private"
          },
          "sensitive_attributes": [],
          "private": "bnVsbA==",
          "dependencies": [
            "aws_s3_bucket.lambda_bucket",
            "aws_s3_bucket_ownership_controls.s3_bucket_acl_ownership"
          ]
        }
      ]
    },
    {
      "mode": "managed",
      "type": "aws_s3_bucket_ownership_controls",
      "name": "s3_bucket_acl_ownership",
      "provider": "provider[\"registry.terraform.io/hashicorp/aws\"]",
      "instances": [
        {
          "schema_version": 0,
          "attributes": {
            "bucket": "fpl-gql-lambda",
            "id": "fpl-gql-lambda",
            "rule": [
              {
                "object_ownership": "ObjectWriter"
              }
            ]
          },
          "sensitive_attributes": [],
          "private": "bnVsbA==",
          "dependencies": [
            "aws_s3_bucket.lambda_bucket"
          ]
        }
      ]
    },
    {
      "mode": "managed",
      "type": "aws_s3_object",
      "name": "lambda_fpl",
      "provider": "provider[\"registry.terraform.io/hashicorp/aws\"]",
      "instances": [
        {
          "schema_version": 0,
          "attributes": {
            "acl": null,
            "bucket": "fpl-gql-lambda",
            "bucket_key_enabled": false,
            "cache_control": "",
            "content": null,
            "content_base64": null,
            "content_disposition": "",
            "content_encoding": "",
            "content_language": "",
            "content_type": "binary/octet-stream",
            "etag": "02f08e9202ec871f612e9ce9b4e5be72",
            "force_destroy": false,
            "id": "lambda.zip",
            "key": "lambda.zip",
            "kms_key_id": null,
            "metadata": {},
            "object_lock_legal_hold_status": "",
            "object_lock_mode": "",
            "object_lock_retain_until_date": "",
            "server_side_encryption": "AES256",
            "source": "../lambda.zip",
            "source_hash": null,
            "storage_class": "STANDARD",
            "tags": {},
            "tags_all": {},
            "version_id": "",
            "website_redirect": ""
          },
          "sensitive_attributes": [],
          "private": "bnVsbA==",
          "dependencies": [
            "aws_s3_bucket.lambda_bucket",
            "data.archive_file.lambda_fpl"
          ]
        }
      ]
    }
  ],
  "check_results": null
}
